
Microsoft Visual Studio Solution File, Format Version 12.00
# Visual Studio Version 17
VisualStudioVersion = 17.5.33530.505
MinimumVisualStudioVersion = 10.0.40219.1
Project("{FAE04EC0-301F-11D3-BF4B-00C04F79EFBC}") = "P23517052023", "P23517052023\P23517052023.csproj", "{70B53073-3426-4E9F-B1DE-E8B3721FEF67}"
EndProject
Global
	GlobalSection(SolutionConfigurationPlatforms) = preSolution
		Debug|Any CPU = Debug|Any CPU
		Release|Any CPU = Release|Any CPU
	EndGlobalSection
	GlobalSection(ProjectConfigurationPlatforms) = postSolution
		{70B53073-3426-4E9F-B1DE-E8B3721FEF67}.Debug|Any CPU.ActiveCfg = Debug|Any CPU
		{70B53073-3426-4E9F-B1DE-E8B3721FEF67}.Debug|Any CPU.Build.0 = Debug|Any CPU
		{70B53073-3426-4E9F-B1DE-E8B3721FEF67}.Release|Any CPU.ActiveCfg = Release|Any CPU
		{70B53073-3426-4E9F-B1DE-E8B3721FEF67}.Release|Any CPU.Build.0 = Release|Any CPU
	EndGlobalSection
	GlobalSection(SolutionProperties) = preSolution
		HideSolutionNode = FALSE
	EndGlobalSection
	GlobalSection(ExtensibilityGlobals) = postSolution
		SolutionGuid = {7F0FABB6-8295-43DA-9A34-154CFA8A8F07}
	EndGlobalSection
EndGlobal
